PODS:
  - Alamofire (4.8.2)
  - AppSpectorSDK (1.2.9)
  - ASProgressHud (1.0.5)
  - GoogleMaps (3.8.0):
    - GoogleMaps/Maps (= 3.8.0)
  - GoogleMaps/Base (3.8.0)
  - GoogleMaps/Maps (3.8.0):
    - GoogleMaps/Base
  - Moya (13.0.1):
    - Moya/Core (= 13.0.1)
  - Moya/Core (13.0.1):
    - Alamofire (~> 4.1)
    - Result (~> 4.1)
  - Result (4.1.0)
  - SDWebImage (5.1.0):
    - SDWebImage/Core (= 5.1.0)
  - SDWebImage/Core (5.1.0)
  - SVProgressHUD (2.2.6)
  - SwiftyJSON (5.0.0)

DEPENDENCIES:
  - AppSpectorSDK
  - ASProgressHud (~> 1.0)
  - GoogleMaps
  - Moya (~> 13.0)
  - SDWebImage
  - SVProgressHUD (from `https://github.com/SVProgressHUD/SVProgressHUD.git`)
  - SwiftyJSON

SPEC REPOS:
  https://github.com/CocoaPods/Specs.git:
    - Alamofire
    - Moya
    - Result
    - SDWebImage
    - SwiftyJSON
  trunk:
    - AppSpectorSDK
    - ASProgressHud
    - GoogleMaps

EXTERNAL SOURCES:
  SVProgressHUD:
    :git: https://github.com/SVProgressHUD/SVProgressHUD.git

CHECKOUT OPTIONS:
  SVProgressHUD:
    :commit: 4fdf3fdc8703fd9915dae33fc1363c604a06b24e
    :git: https://github.com/SVProgressHUD/SVProgressHUD.git

SPEC CHECKSUMS:
  Alamofire: ae5c501addb7afdbb13687d7f2f722c78734c2d3
  AppSpectorSDK: 7e24097809d39d868e9ecdc76377fd519ac95aa6
  ASProgressHud: 170e18e72af3ffb28d36fd6e6d9caf998762ff58
  GoogleMaps: 7c8d66d70e4e8c300f43a7219d8fdaad7b325a9a
  Moya: f4a4b80ff2f8a4ffc208dfb31cd91636622fee6e
  Result: bd966fac789cc6c1563440b348ab2598cc24d5c7
  SDWebImage: fb387001955223213dde14bc08c8b73f371f8d8f
  SVProgressHUD: 6ed134667e9ebb2f33679e8273cd48fd3fa349e5
  SwiftyJSON: 36413e04c44ee145039d332b4f4e2d3e8d6c4db7

PODFILE CHECKSUM: 1cdcef04c77c7d74fff8fb4e72805ac5e8ec5329

COCOAPODS: 1.8.4
